
Microsoft Visual Studio Solution File, Format Version 12.00
# Visual Studio 15
VisualStudioVersion = 15.0.28307.1082
MinimumVisualStudioVersion = 10.0.40219.1
Project("{FAE04EC0-301F-11D3-BF4B-00C04F79EFBC}") = "csharp-social-networking", "csharp-social-networking\csharp-social-networking.csproj", "{C604162E-D3FA-4BA7-9054-7FFC36C6B7BA}"
EndProject
Global
	GlobalSection(SolutionConfigurationPlatforms) = preSolution
		Debug|Any CPU = Debug|Any CPU
		Release|Any CPU = Release|Any CPU
	EndGlobalSection
	GlobalSection(ProjectConfigurationPlatforms) = postSolution
		{C604162E-D3FA-4BA7-9054-7FFC36C6B7BA}.Debug|Any CPU.ActiveCfg = Debug|Any CPU
		{C604162E-D3FA-4BA7-9054-7FFC36C6B7BA}.Debug|Any CPU.Build.0 = Debug|Any CPU
		{C604162E-D3FA-4BA7-9054-7FFC36C6B7BA}.Release|Any CPU.ActiveCfg = Release|Any CPU
		{C604162E-D3FA-4BA7-9054-7FFC36C6B7BA}.Release|Any CPU.Build.0 = Release|Any CPU
	EndGlobalSection
	GlobalSection(SolutionProperties) = preSolution
		HideSolutionNode = FALSE
	EndGlobalSection
	GlobalSection(ExtensibilityGlobals) = postSolution
		SolutionGuid = {C16449CD-6F00-41D2-81CD-B8F2982C4341}
	EndGlobalSection
EndGlobal
